
Microsoft Visual Studio Solution File, Format Version 12.00
# Visual Studio 14
VisualStudioVersion = 14.0.24720.0
MinimumVisualStudioVersion = 10.0.40219.1
Project("{FAE04EC0-301F-11D3-BF4B-00C04F79EFBC}") = "SodokuSolver_vNext", "SodokuSolver_vNext\SodokuSolver_vNext.csproj", "{D6D1256B-FD8B-415E-8ECA-09DE6198708F}"
EndProject
Project("{FAE04EC0-301F-11D3-BF4B-00C04F79EFBC}") = "SodokuSolver_vNext.Tests", "SodokuSolver_vNext.Tests\SodokuSolver_vNext.Tests.csproj", "{8D70A4F3-ACCB-40F0-AE76-2E9A4334EEF6}"
EndProject
Global
	GlobalSection(SolutionConfigurationPlatforms) = preSolution
		Debug|Any CPU = Debug|Any CPU
		Release|Any CPU = Release|Any CPU
	EndGlobalSection
	GlobalSection(ProjectConfigurationPlatforms) = postSolution
		{D6D1256B-FD8B-415E-8ECA-09DE6198708F}.Debug|Any CPU.ActiveCfg = Debug|Any CPU
		{D6D1256B-FD8B-415E-8ECA-09DE6198708F}.Debug|Any CPU.Build.0 = Debug|Any CPU
		{D6D1256B-FD8B-415E-8ECA-09DE6198708F}.Release|Any CPU.ActiveCfg = Release|Any CPU
		{D6D1256B-FD8B-415E-8ECA-09DE6198708F}.Release|Any CPU.Build.0 = Release|Any CPU
		{8D70A4F3-ACCB-40F0-AE76-2E9A4334EEF6}.Debug|Any CPU.ActiveCfg = Debug|Any CPU
		{8D70A4F3-ACCB-40F0-AE76-2E9A4334EEF6}.Debug|Any CPU.Build.0 = Debug|Any CPU
		{8D70A4F3-ACCB-40F0-AE76-2E9A4334EEF6}.Release|Any CPU.ActiveCfg = Release|Any CPU
		{8D70A4F3-ACCB-40F0-AE76-2E9A4334EEF6}.Release|Any CPU.Build.0 = Release|Any CPU
	EndGlobalSection
	GlobalSection(SolutionProperties) = preSolution
		HideSolutionNode = FALSE
	EndGlobalSection
EndGlobal
